
Microsoft Visual Studio Solution File, Format Version 12.00
# Visual Studio Version 17
VisualStudioVersion = 17.0.31903.59
MinimumVisualStudioVersion = 10.0.40219.1
Project("{2150E333-8FDC-42A3-9474-1A3956D46DE8}") = "be", "be", "{925EF7A6-BD2D-FD16-DA9B-B4A434F89C38}"
EndProject
Project("{FAE04EC0-301F-11D3-BF4B-00C04F79EFBC}") = "Sonixy.Gateway", "be\Sonixy.Gateway\Sonixy.Gateway.csproj", "{F7AC9545-BFCA-460E-AE42-E23A44727DDB}"
EndProject
Project("{2150E333-8FDC-42A3-9474-1A3956D46DE8}") = "Sonixy.IdentityService", "Sonixy.IdentityService", "{8773DC2A-CAA0-B4F8-7DBA-83B17E8A4136}"
EndProject
Project("{2150E333-8FDC-42A3-9474-1A3956D46DE8}") = "Api", "Api", "{67B21526-1582-D1F8-0464-4EA6E6CAA3F5}"
EndProject
Project("{FAE04EC0-301F-11D3-BF4B-00C04F79EFBC}") = "Sonixy.IdentityService", "be\Sonixy.IdentityService\Api\Sonixy.IdentityService.csproj", "{722B60A5-7CB5-4614-9A18-DAFE4687B5AD}"
EndProject
Project("{2150E333-8FDC-42A3-9474-1A3956D46DE8}") = "Sonixy.UserService", "Sonixy.UserService", "{A9F5CD3C-0C3E-7574-D3C2-9B8B4D2079A6}"
EndProject
Project("{2150E333-8FDC-42A3-9474-1A3956D46DE8}") = "Api", "Api", "{4E07EC16-300C-FDA0-039D-1EB0AAA762FF}"
EndProject
Project("{FAE04EC0-301F-11D3-BF4B-00C04F79EFBC}") = "Sonixy.UserService", "be\Sonixy.UserService\Api\Sonixy.UserService.csproj", "{29F9AC10-1384-476B-8271-3E8A992655DD}"
EndProject
Project("{2150E333-8FDC-42A3-9474-1A3956D46DE8}") = "Sonixy.PostService", "Sonixy.PostService", "{906FCE91-7743-4DBF-8DAC-35E54A7F1F66}"
EndProject
Project("{2150E333-8FDC-42A3-9474-1A3956D46DE8}") = "Api", "Api", "{DDCBF6D4-26D2-03C7-7071-A5ECE870962C}"
EndProject
Project("{FAE04EC0-301F-11D3-BF4B-00C04F79EFBC}") = "Sonixy.PostService", "be\Sonixy.PostService\Api\Sonixy.PostService.csproj", "{BA60D708-AAB8-40AA-B3C9-B5E0DDC99220}"
EndProject
Project("{2150E333-8FDC-42A3-9474-1A3956D46DE8}") = "Sonixy.SocialGraphService", "Sonixy.SocialGraphService", "{0604FE2F-3412-28E8-C759-ADEB75280723}"
EndProject
Project("{2150E333-8FDC-42A3-9474-1A3956D46DE8}") = "Api", "Api", "{25A456AE-06AD-21DD-E02C-47E397FC5DE9}"
EndProject
Project("{FAE04EC0-301F-11D3-BF4B-00C04F79EFBC}") = "Sonixy.SocialGraphService", "be\Sonixy.SocialGraphService\Api\Sonixy.SocialGraphService.csproj", "{AA29D29C-C763-4BBF-9787-70DAF74F01B8}"
EndProject
Project("{FAE04EC0-301F-11D3-BF4B-00C04F79EFBC}") = "Sonixy.Shared", "be\Sonixy.Shared\Sonixy.Shared.csproj", "{8406B576-1D38-48AF-8D67-FCC95761FD68}"
EndProject
Project("{2150E333-8FDC-42A3-9474-1A3956D46DE8}") = "Application", "Application", "{ECF52345-2CC7-42AD-A767-32166E1A9456}"
EndProject
Project("{FAE04EC0-301F-11D3-BF4B-00C04F79EFBC}") = "Sonixy.PostService.Application", "be\Sonixy.PostService\Application\Sonixy.PostService.Application.csproj", "{337C210C-6960-4B8F-81A5-3B8A5FF48B63}"
EndProject
Project("{2150E333-8FDC-42A3-9474-1A3956D46DE8}") = "Domain", "Domain", "{8D15498C-B6DF-4B35-8525-08718986EE86}"
EndProject
Project("{FAE04EC0-301F-11D3-BF4B-00C04F79EFBC}") = "Sonixy.PostService.Domain", "be\Sonixy.PostService\Domain\Sonixy.PostService.Domain.csproj", "{9D9249E8-C145-45F9-9BA3-3CDB3C34EAED}"
EndProject
Project("{2150E333-8FDC-42A3-9474-1A3956D46DE8}") = "Infrastructure", "Infrastructure", "{F6CF08F3-A6B1-4CEC-9656-E0636368F73F}"
EndProject
Project("{FAE04EC0-301F-11D3-BF4B-00C04F79EFBC}") = "Sonixy.PostService.Infrastructure", "be\Sonixy.PostService\Infrastructure\Sonixy.PostService.Infrastructure.csproj", "{1B2BA62C-0390-4201-B71F-D7EDAD3B8332}"
EndProject
Project("{2150E333-8FDC-42A3-9474-1A3956D46DE8}") = "Application", "Application", "{487A45FE-B87E-4667-9F84-08ACA717CF44}"
EndProject
Project("{FAE04EC0-301F-11D3-BF4B-00C04F79EFBC}") = "Sonixy.IdentityService.Application", "be\Sonixy.IdentityService\Application\Sonixy.IdentityService.Application.csproj", "{C2895A55-1D24-447A-B6CF-F1BFD6265E3C}"
EndProject
Project("{2150E333-8FDC-42A3-9474-1A3956D46DE8}") = "Infrastructure", "Infrastructure", "{C3510B80-E8C0-443C-A4FE-14B29A5611A1}"
EndProject
Project("{FAE04EC0-301F-11D3-BF4B-00C04F79EFBC}") = "Sonixy.IdentityService.Infrastructure", "be\Sonixy.IdentityService\Infrastructure\Sonixy.IdentityService.Infrastructure.csproj", "{FBFC57D8-68E2-4A22-B953-6BE77410419E}"
EndProject
Project("{2150E333-8FDC-42A3-9474-1A3956D46DE8}") = "Domain", "Domain", "{86C065F0-00C1-4AB4-8644-AD30589C9882}"
EndProject
Project("{FAE04EC0-301F-11D3-BF4B-00C04F79EFBC}") = "Sonixy.IdentityService.Domain", "be\Sonixy.IdentityService\Domain\Sonixy.IdentityService.Domain.csproj", "{CD3923A4-BB88-4A24-BA15-192917731ECA}"
EndProject
Project("{2150E333-8FDC-42A3-9474-1A3956D46DE8}") = "Infrastructure", "Infrastructure", "{20BFF73A-E676-4254-8745-3834050A22D5}"
EndProject
Project("{2150E333-8FDC-42A3-9474-1A3956D46DE8}") = "Domain", "Domain", "{D497133F-CB0B-43E8-B851-EB72E5CAB969}"
EndProject
Project("{2150E333-8FDC-42A3-9474-1A3956D46DE8}") = "Application", "Application", "{EF1358C1-7FC0-413C-A71F-E7536E8C7A7D}"
EndProject
Project("{FAE04EC0-301F-11D3-BF4B-00C04F79EFBC}") = "Sonixy.SocialGraphService.Application", "be\Sonixy.SocialGraphService\Application\Sonixy.SocialGraphService.Application.csproj", "{DFB566F6-51B3-432A-8074-C09E2A81C553}"
EndProject
Project("{FAE04EC0-301F-11D3-BF4B-00C04F79EFBC}") = "Sonixy.SocialGraphService.Domain", "be\Sonixy.SocialGraphService\Domain\Sonixy.SocialGraphService.Domain.csproj", "{11285685-328B-44EE-B2BE-61D0B0D050A6}"
EndProject
Project("{FAE04EC0-301F-11D3-BF4B-00C04F79EFBC}") = "Sonixy.SocialGraphService.Infrastructure", "be\Sonixy.SocialGraphService\Infrastructure\Sonixy.SocialGraphService.Infrastructure.csproj", "{3D8DAEF0-A350-4EB4-A52E-B9599DA1AB9C}"
EndProject
Project("{2150E333-8FDC-42A3-9474-1A3956D46DE8}") = "Infrastructure", "Infrastructure", "{95DAC6B6-894D-401D-AC91-189CCA3A4150}"
EndProject
Project("{2150E333-8FDC-42A3-9474-1A3956D46DE8}") = "Application", "Application", "{7B06D69B-321D-4DB2-9585-DC01D0920182}"
EndProject
Project("{2150E333-8FDC-42A3-9474-1A3956D46DE8}") = "Domain", "Domain", "{E125DFEC-3A62-4929-B1BB-E5D9A86901E2}"
EndProject
Project("{FAE04EC0-301F-11D3-BF4B-00C04F79EFBC}") = "Sonixy.UserService.Application", "be\Sonixy.UserService\Application\Sonixy.UserService.Application.csproj", "{B300B86D-EC56-45B2-9D7F-19344B147ABD}"
EndProject
Project("{FAE04EC0-301F-11D3-BF4B-00C04F79EFBC}") = "Sonixy.UserService.Domain", "be\Sonixy.UserService\Domain\Sonixy.UserService.Domain.csproj", "{1E804D03-8C40-4DD8-97C4-BA6F265BC809}"
EndProject
Project("{FAE04EC0-301F-11D3-BF4B-00C04F79EFBC}") = "Sonixy.UserService.Infrastructure", "be\Sonixy.UserService\Infrastructure\Sonixy.UserService.Infrastructure.csproj", "{EDF5FF78-5EB8-4190-A529-088523673F89}"
EndProject
Project("{2150E333-8FDC-42A3-9474-1A3956D46DE8}") = "Sonixy.EmailService", "Sonixy.EmailService", "{64056F0A-0226-4E58-9BBA-3D830A3733C6}"
EndProject
Project("{FAE04EC0-301F-11D3-BF4B-00C04F79EFBC}") = "Sonixy.EmailService", "be\Sonixy.EmailService\Sonixy.EmailService.csproj", "{BB7C61F5-A945-4789-98D3-FDA71D3196F6}"
EndProject
Project("{2150E333-8FDC-42A3-9474-1A3956D46DE8}") = "Sonixy.FeedService", "Sonixy.FeedService", "{5C1A250A-5F4B-4B31-98C6-0F87AEBC72C8}"
EndProject
Project("{2150E333-8FDC-42A3-9474-1A3956D46DE8}") = "Sonixy.AnalyticsService", "Sonixy.AnalyticsService", "{A19C430C-6000-4006-A792-4E456DAD570B}"
EndProject
Project("{FAE04EC0-301F-11D3-BF4B-00C04F79EFBC}") = "Sonixy.AnalyticsService", "be\Sonixy.AnalyticsService\Sonixy.AnalyticsService.csproj", "{4BA21693-861B-468B-A421-E1AEB3594738}"
EndProject
Project("{FAE04EC0-301F-11D3-BF4B-00C04F79EFBC}") = "Sonixy.FeedService", "be\Sonixy.FeedService\Sonixy.FeedService.csproj", "{4DD6529D-7C2E-4B58-90D4-31D6CE3E64B9}"
EndProject
Global
	GlobalSection(SolutionConfigurationPlatforms) = preSolution
		Debug|Any CPU = Debug|Any CPU
		Debug|x64 = Debug|x64
		Debug|x86 = Debug|x86
		Release|Any CPU = Release|Any CPU
		Release|x64 = Release|x64
		Release|x86 = Release|x86
	EndGlobalSection
	GlobalSection(ProjectConfigurationPlatforms) = postSolution
		{F7AC9545-BFCA-460E-AE42-E23A44727DDB}.Debug|Any CPU.ActiveCfg = Debug|Any CPU
		{F7AC9545-BFCA-460E-AE42-E23A44727DDB}.Debug|Any CPU.Build.0 = Debug|Any CPU
		{F7AC9545-BFCA-460E-AE42-E23A44727DDB}.Debug|x64.ActiveCfg = Debug|Any CPU
		{F7AC9545-BFCA-460E-AE42-E23A44727DDB}.Debug|x64.Build.0 = Debug|Any CPU
		{F7AC9545-BFCA-460E-AE42-E23A44727DDB}.Debug|x86.ActiveCfg = Debug|Any CPU
		{F7AC9545-BFCA-460E-AE42-E23A44727DDB}.Debug|x86.Build.0 = Debug|Any CPU
		{F7AC9545-BFCA-460E-AE42-E23A44727DDB}.Release|Any CPU.ActiveCfg = Release|Any CPU
		{F7AC9545-BFCA-460E-AE42-E23A44727DDB}.Release|Any CPU.Build.0 = Release|Any CPU
		{F7AC9545-BFCA-460E-AE42-E23A44727DDB}.Release|x64.ActiveCfg = Release|Any CPU
		{F7AC9545-BFCA-460E-AE42-E23A44727DDB}.Release|x64.Build.0 = Release|Any CPU
		{F7AC9545-BFCA-460E-AE42-E23A44727DDB}.Release|x86.ActiveCfg = Release|Any CPU
		{F7AC9545-BFCA-460E-AE42-E23A44727DDB}.Release|x86.Build.0 = Release|Any CPU
		{722B60A5-7CB5-4614-9A18-DAFE4687B5AD}.Debug|Any CPU.ActiveCfg = Debug|Any CPU
		{722B60A5-7CB5-4614-9A18-DAFE4687B5AD}.Debug|Any CPU.Build.0 = Debug|Any CPU
		{722B60A5-7CB5-4614-9A18-DAFE4687B5AD}.Debug|x64.ActiveCfg = Debug|Any CPU
		{722B60A5-7CB5-4614-9A18-DAFE4687B5AD}.Debug|x64.Build.0 = Debug|Any CPU
		{722B60A5-7CB5-4614-9A18-DAFE4687B5AD}.Debug|x86.ActiveCfg = Debug|Any CPU
		{722B60A5-7CB5-4614-9A18-DAFE4687B5AD}.Debug|x86.Build.0 = Debug|Any CPU
		{722B60A5-7CB5-4614-9A18-DAFE4687B5AD}.Release|Any CPU.ActiveCfg = Release|Any CPU
		{722B60A5-7CB5-4614-9A18-DAFE4687B5AD}.Release|Any CPU.Build.0 = Release|Any CPU
		{722B60A5-7CB5-4614-9A18-DAFE4687B5AD}.Release|x64.ActiveCfg = Release|Any CPU
		{722B60A5-7CB5-4614-9A18-DAFE4687B5AD}.Release|x64.Build.0 = Release|Any CPU
		{722B60A5-7CB5-4614-9A18-DAFE4687B5AD}.Release|x86.ActiveCfg = Release|Any CPU
		{722B60A5-7CB5-4614-9A18-DAFE4687B5AD}.Release|x86.Build.0 = Release|Any CPU
		{29F9AC10-1384-476B-8271-3E8A992655DD}.Debug|Any CPU.ActiveCfg = Debug|Any CPU
		{29F9AC10-1384-476B-8271-3E8A992655DD}.Debug|Any CPU.Build.0 = Debug|Any CPU
		{29F9AC10-1384-476B-8271-3E8A992655DD}.Debug|x64.ActiveCfg = Debug|Any CPU
		{29F9AC10-1384-476B-8271-3E8A992655DD}.Debug|x64.Build.0 = Debug|Any CPU
		{29F9AC10-1384-476B-8271-3E8A992655DD}.Debug|x86.ActiveCfg = Debug|Any CPU
		{29F9AC10-1384-476B-8271-3E8A992655DD}.Debug|x86.Build.0 = Debug|Any CPU
		{29F9AC10-1384-476B-8271-3E8A992655DD}.Release|Any CPU.ActiveCfg = Release|Any CPU
		{29F9AC10-1384-476B-8271-3E8A992655DD}.Release|Any CPU.Build.0 = Release|Any CPU
		{29F9AC10-1384-476B-8271-3E8A992655DD}.Release|x64.ActiveCfg = Release|Any CPU
		{29F9AC10-1384-476B-8271-3E8A992655DD}.Release|x64.Build.0 = Release|Any CPU
		{29F9AC10-1384-476B-8271-3E8A992655DD}.Release|x86.ActiveCfg = Release|Any CPU
		{29F9AC10-1384-476B-8271-3E8A992655DD}.Release|x86.Build.0 = Release|Any CPU
		{BA60D708-AAB8-40AA-B3C9-B5E0DDC99220}.Debug|Any CPU.ActiveCfg = Debug|Any CPU
		{BA60D708-AAB8-40AA-B3C9-B5E0DDC99220}.Debug|Any CPU.Build.0 = Debug|Any CPU
		{BA60D708-AAB8-40AA-B3C9-B5E0DDC99220}.Debug|x64.ActiveCfg = Debug|Any CPU
		{BA60D708-AAB8-40AA-B3C9-B5E0DDC99220}.Debug|x64.Build.0 = Debug|Any CPU
		{BA60D708-AAB8-40AA-B3C9-B5E0DDC99220}.Debug|x86.ActiveCfg = Debug|Any CPU
		{BA60D708-AAB8-40AA-B3C9-B5E0DDC99220}.Debug|x86.Build.0 = Debug|Any CPU
		{BA60D708-AAB8-40AA-B3C9-B5E0DDC99220}.Release|Any CPU.ActiveCfg = Release|Any CPU
		{BA60D708-AAB8-40AA-B3C9-B5E0DDC99220}.Release|Any CPU.Build.0 = Release|Any CPU
		{BA60D708-AAB8-40AA-B3C9-B5E0DDC99220}.Release|x64.ActiveCfg = Release|Any CPU
		{BA60D708-AAB8-40AA-B3C9-B5E0DDC99220}.Release|x64.Build.0 = Release|Any CPU
		{BA60D708-AAB8-40AA-B3C9-B5E0DDC99220}.Release|x86.ActiveCfg = Release|Any CPU
		{BA60D708-AAB8-40AA-B3C9-B5E0DDC99220}.Release|x86.Build.0 = Release|Any CPU
		{AA29D29C-C763-4BBF-9787-70DAF74F01B8}.Debug|Any CPU.ActiveCfg = Debug|Any CPU
		{AA29D29C-C763-4BBF-9787-70DAF74F01B8}.Debug|Any CPU.Build.0 = Debug|Any CPU
		{AA29D29C-C763-4BBF-9787-70DAF74F01B8}.Debug|x64.ActiveCfg = Debug|Any CPU
		{AA29D29C-C763-4BBF-9787-70DAF74F01B8}.Debug|x64.Build.0 = Debug|Any CPU
		{AA29D29C-C763-4BBF-9787-70DAF74F01B8}.Debug|x86.ActiveCfg = Debug|Any CPU
		{AA29D29C-C763-4BBF-9787-70DAF74F01B8}.Debug|x86.Build.0 = Debug|Any CPU
		{AA29D29C-C763-4BBF-9787-70DAF74F01B8}.Release|Any CPU.ActiveCfg = Release|Any CPU
		{AA29D29C-C763-4BBF-9787-70DAF74F01B8}.Release|Any CPU.Build.0 = Release|Any CPU
		{AA29D29C-C763-4BBF-9787-70DAF74F01B8}.Release|x64.ActiveCfg = Release|Any CPU
		{AA29D29C-C763-4BBF-9787-70DAF74F01B8}.Release|x64.Build.0 = Release|Any CPU
		{AA29D29C-C763-4BBF-9787-70DAF74F01B8}.Release|x86.ActiveCfg = Release|Any CPU
		{AA29D29C-C763-4BBF-9787-70DAF74F01B8}.Release|x86.Build.0 = Release|Any CPU
		{8406B576-1D38-48AF-8D67-FCC95761FD68}.Debug|Any CPU.ActiveCfg = Debug|Any CPU
		{8406B576-1D38-48AF-8D67-FCC95761FD68}.Debug|Any CPU.Build.0 = Debug|Any CPU
		{8406B576-1D38-48AF-8D67-FCC95761FD68}.Debug|x64.ActiveCfg = Debug|Any CPU
		{8406B576-1D38-48AF-8D67-FCC95761FD68}.Debug|x64.Build.0 = Debug|Any CPU
		{8406B576-1D38-48AF-8D67-FCC95761FD68}.Debug|x86.ActiveCfg = Debug|Any CPU
		{8406B576-1D38-48AF-8D67-FCC95761FD68}.Debug|x86.Build.0 = Debug|Any CPU
		{8406B576-1D38-48AF-8D67-FCC95761FD68}.Release|Any CPU.ActiveCfg = Release|Any CPU
		{8406B576-1D38-48AF-8D67-FCC95761FD68}.Release|Any CPU.Build.0 = Release|Any CPU
		{8406B576-1D38-48AF-8D67-FCC95761FD68}.Release|x64.ActiveCfg = Release|Any CPU
		{8406B576-1D38-48AF-8D67-FCC95761FD68}.Release|x64.Build.0 = Release|Any CPU
		{8406B576-1D38-48AF-8D67-FCC95761FD68}.Release|x86.ActiveCfg = Release|Any CPU
		{8406B576-1D38-48AF-8D67-FCC95761FD68}.Release|x86.Build.0 = Release|Any CPU
		{337C210C-6960-4B8F-81A5-3B8A5FF48B63}.Debug|Any CPU.ActiveCfg = Debug|Any CPU
		{337C210C-6960-4B8F-81A5-3B8A5FF48B63}.Debug|Any CPU.Build.0 = Debug|Any CPU
		{337C210C-6960-4B8F-81A5-3B8A5FF48B63}.Debug|x64.ActiveCfg = Debug|Any CPU
		{337C210C-6960-4B8F-81A5-3B8A5FF48B63}.Debug|x64.Build.0 = Debug|Any CPU
		{337C210C-6960-4B8F-81A5-3B8A5FF48B63}.Debug|x86.ActiveCfg = Debug|Any CPU
		{337C210C-6960-4B8F-81A5-3B8A5FF48B63}.Debug|x86.Build.0 = Debug|Any CPU
		{337C210C-6960-4B8F-81A5-3B8A5FF48B63}.Release|Any CPU.ActiveCfg = Release|Any CPU
		{337C210C-6960-4B8F-81A5-3B8A5FF48B63}.Release|Any CPU.Build.0 = Release|Any CPU
		{337C210C-6960-4B8F-81A5-3B8A5FF48B63}.Release|x64.ActiveCfg = Release|Any CPU
		{337C210C-6960-4B8F-81A5-3B8A5FF48B63}.Release|x64.Build.0 = Release|Any CPU
		{337C210C-6960-4B8F-81A5-3B8A5FF48B63}.Release|x86.ActiveCfg = Release|Any CPU
		{337C210C-6960-4B8F-81A5-3B8A5FF48B63}.Release|x86.Build.0 = Release|Any CPU
		{9D9249E8-C145-45F9-9BA3-3CDB3C34EAED}.Debug|Any CPU.ActiveCfg = Debug|Any CPU
		{9D9249E8-C145-45F9-9BA3-3CDB3C34EAED}.Debug|Any CPU.Build.0 = Debug|Any CPU
		{9D9249E8-C145-45F9-9BA3-3CDB3C34EAED}.Debug|x64.ActiveCfg = Debug|Any CPU
		{9D9249E8-C145-45F9-9BA3-3CDB3C34EAED}.Debug|x64.Build.0 = Debug|Any CPU
		{9D9249E8-C145-45F9-9BA3-3CDB3C34EAED}.Debug|x86.ActiveCfg = Debug|Any CPU
		{9D9249E8-C145-45F9-9BA3-3CDB3C34EAED}.Debug|x86.Build.0 = Debug|Any CPU
		{9D9249E8-C145-45F9-9BA3-3CDB3C34EAED}.Release|Any CPU.ActiveCfg = Release|Any CPU
		{9D9249E8-C145-45F9-9BA3-3CDB3C34EAED}.Release|Any CPU.Build.0 = Release|Any CPU
		{9D9249E8-C145-45F9-9BA3-3CDB3C34EAED}.Release|x64.ActiveCfg = Release|Any CPU
		{9D9249E8-C145-45F9-9BA3-3CDB3C34EAED}.Release|x64.Build.0 = Release|Any CPU
		{9D9249E8-C145-45F9-9BA3-3CDB3C34EAED}.Release|x86.ActiveCfg = Release|Any CPU
		{9D9249E8-C145-45F9-9BA3-3CDB3C34EAED}.Release|x86.Build.0 = Release|Any CPU
		{1B2BA62C-0390-4201-B71F-D7EDAD3B8332}.Debug|Any CPU.ActiveCfg = Debug|Any CPU
		{1B2BA62C-0390-4201-B71F-D7EDAD3B8332}.Debug|Any CPU.Build.0 = Debug|Any CPU
		{1B2BA62C-0390-4201-B71F-D7EDAD3B8332}.Debug|x64.ActiveCfg = Debug|Any CPU
		{1B2BA62C-0390-4201-B71F-D7EDAD3B8332}.Debug|x64.Build.0 = Debug|Any CPU
		{1B2BA62C-0390-4201-B71F-D7EDAD3B8332}.Debug|x86.ActiveCfg = Debug|Any CPU
		{1B2BA62C-0390-4201-B71F-D7EDAD3B8332}.Debug|x86.Build.0 = Debug|Any CPU
		{1B2BA62C-0390-4201-B71F-D7EDAD3B8332}.Release|Any CPU.ActiveCfg = Release|Any CPU
		{1B2BA62C-0390-4201-B71F-D7EDAD3B8332}.Release|Any CPU.Build.0 = Release|Any CPU
		{1B2BA62C-0390-4201-B71F-D7EDAD3B8332}.Release|x64.ActiveCfg = Release|Any CPU
		{1B2BA62C-0390-4201-B71F-D7EDAD3B8332}.Release|x64.Build.0 = Release|Any CPU
		{1B2BA62C-0390-4201-B71F-D7EDAD3B8332}.Release|x86.ActiveCfg = Release|Any CPU
		{1B2BA62C-0390-4201-B71F-D7EDAD3B8332}.Release|x86.Build.0 = Release|Any CPU
		{C2895A55-1D24-447A-B6CF-F1BFD6265E3C}.Debug|Any CPU.ActiveCfg = Debug|Any CPU
		{C2895A55-1D24-447A-B6CF-F1BFD6265E3C}.Debug|Any CPU.Build.0 = Debug|Any CPU
		{C2895A55-1D24-447A-B6CF-F1BFD6265E3C}.Debug|x64.ActiveCfg = Debug|Any CPU
		{C2895A55-1D24-447A-B6CF-F1BFD6265E3C}.Debug|x64.Build.0 = Debug|Any CPU
		{C2895A55-1D24-447A-B6CF-F1BFD6265E3C}.Debug|x86.ActiveCfg = Debug|Any CPU
		{C2895A55-1D24-447A-B6CF-F1BFD6265E3C}.Debug|x86.Build.0 = Debug|Any CPU
		{C2895A55-1D24-447A-B6CF-F1BFD6265E3C}.Release|Any CPU.ActiveCfg = Release|Any CPU
		{C2895A55-1D24-447A-B6CF-F1BFD6265E3C}.Release|Any CPU.Build.0 = Release|Any CPU
		{C2895A55-1D24-447A-B6CF-F1BFD6265E3C}.Release|x64.ActiveCfg = Release|Any CPU
		{C2895A55-1D24-447A-B6CF-F1BFD6265E3C}.Release|x64.Build.0 = Release|Any CPU
		{C2895A55-1D24-447A-B6CF-F1BFD6265E3C}.Release|x86.ActiveCfg = Release|Any CPU
		{C2895A55-1D24-447A-B6CF-F1BFD6265E3C}.Release|x86.Build.0 = Release|Any CPU
		{FBFC57D8-68E2-4A22-B953-6BE77410419E}.Debug|Any CPU.ActiveCfg = Debug|Any CPU
		{FBFC57D8-68E2-4A22-B953-6BE77410419E}.Debug|Any CPU.Build.0 = Debug|Any CPU
		{FBFC57D8-68E2-4A22-B953-6BE77410419E}.Debug|x64.ActiveCfg = Debug|Any CPU
		{FBFC57D8-68E2-4A22-B953-6BE77410419E}.Debug|x64.Build.0 = Debug|Any CPU
		{FBFC57D8-68E2-4A22-B953-6BE77410419E}.Debug|x86.ActiveCfg = Debug|Any CPU
		{FBFC57D8-68E2-4A22-B953-6BE77410419E}.Debug|x86.Build.0 = Debug|Any CPU
		{FBFC57D8-68E2-4A22-B953-6BE77410419E}.Release|Any CPU.ActiveCfg = Release|Any CPU
		{FBFC57D8-68E2-4A22-B953-6BE77410419E}.Release|Any CPU.Build.0 = Release|Any CPU
		{FBFC57D8-68E2-4A22-B953-6BE77410419E}.Release|x64.ActiveCfg = Release|Any CPU
		{FBFC57D8-68E2-4A22-B953-6BE77410419E}.Release|x64.Build.0 = Release|Any CPU
		{FBFC57D8-68E2-4A22-B953-6BE77410419E}.Release|x86.ActiveCfg = Release|Any CPU
		{FBFC57D8-68E2-4A22-B953-6BE77410419E}.Release|x86.Build.0 = Release|Any CPU
		{CD3923A4-BB88-4A24-BA15-192917731ECA}.Debug|Any CPU.ActiveCfg = Debug|Any CPU
		{CD3923A4-BB88-4A24-BA15-192917731ECA}.Debug|Any CPU.Build.0 = Debug|Any CPU
		{CD3923A4-BB88-4A24-BA15-192917731ECA}.Debug|x64.ActiveCfg = Debug|Any CPU
		{CD3923A4-BB88-4A24-BA15-192917731ECA}.Debug|x64.Build.0 = Debug|Any CPU
		{CD3923A4-BB88-4A24-BA15-192917731ECA}.Debug|x86.ActiveCfg = Debug|Any CPU
		{CD3923A4-BB88-4A24-BA15-192917731ECA}.Debug|x86.Build.0 = Debug|Any CPU
		{CD3923A4-BB88-4A24-BA15-192917731ECA}.Release|Any CPU.ActiveCfg = Release|Any CPU
		{CD3923A4-BB88-4A24-BA15-192917731ECA}.Release|Any CPU.Build.0 = Release|Any CPU
		{CD3923A4-BB88-4A24-BA15-192917731ECA}.Release|x64.ActiveCfg = Release|Any CPU
		{CD3923A4-BB88-4A24-BA15-192917731ECA}.Release|x64.Build.0 = Release|Any CPU
		{CD3923A4-BB88-4A24-BA15-192917731ECA}.Release|x86.ActiveCfg = Release|Any CPU
		{CD3923A4-BB88-4A24-BA15-192917731ECA}.Release|x86.Build.0 = Release|Any CPU
		{DFB566F6-51B3-432A-8074-C09E2A81C553}.Debug|Any CPU.ActiveCfg = Debug|Any CPU
		{DFB566F6-51B3-432A-8074-C09E2A81C553}.Debug|Any CPU.Build.0 = Debug|Any CPU
		{DFB566F6-51B3-432A-8074-C09E2A81C553}.Debug|x64.ActiveCfg = Debug|Any CPU
		{DFB566F6-51B3-432A-8074-C09E2A81C553}.Debug|x64.Build.0 = Debug|Any CPU
		{DFB566F6-51B3-432A-8074-C09E2A81C553}.Debug|x86.ActiveCfg = Debug|Any CPU
		{DFB566F6-51B3-432A-8074-C09E2A81C553}.Debug|x86.Build.0 = Debug|Any CPU
		{DFB566F6-51B3-432A-8074-C09E2A81C553}.Release|Any CPU.ActiveCfg = Release|Any CPU
		{DFB566F6-51B3-432A-8074-C09E2A81C553}.Release|Any CPU.Build.0 = Release|Any CPU
		{DFB566F6-51B3-432A-8074-C09E2A81C553}.Release|x64.ActiveCfg = Release|Any CPU
		{DFB566F6-51B3-432A-8074-C09E2A81C553}.Release|x64.Build.0 = Release|Any CPU
		{DFB566F6-51B3-432A-8074-C09E2A81C553}.Release|x86.ActiveCfg = Release|Any CPU
		{DFB566F6-51B3-432A-8074-C09E2A81C553}.Release|x86.Build.0 = Release|Any CPU
		{11285685-328B-44EE-B2BE-61D0B0D050A6}.Debug|Any CPU.ActiveCfg = Debug|Any CPU
		{11285685-328B-44EE-B2BE-61D0B0D050A6}.Debug|Any CPU.Build.0 = Debug|Any CPU
		{11285685-328B-44EE-B2BE-61D0B0D050A6}.Debug|x64.ActiveCfg = Debug|Any CPU
		{11285685-328B-44EE-B2BE-61D0B0D050A6}.Debug|x64.Build.0 = Debug|Any CPU
		{11285685-328B-44EE-B2BE-61D0B0D050A6}.Debug|x86.ActiveCfg = Debug|Any CPU
		{11285685-328B-44EE-B2BE-61D0B0D050A6}.Debug|x86.Build.0 = Debug|Any CPU
		{11285685-328B-44EE-B2BE-61D0B0D050A6}.Release|Any CPU.ActiveCfg = Release|Any CPU
		{11285685-328B-44EE-B2BE-61D0B0D050A6}.Release|Any CPU.Build.0 = Release|Any CPU
		{11285685-328B-44EE-B2BE-61D0B0D050A6}.Release|x64.ActiveCfg = Release|Any CPU
		{11285685-328B-44EE-B2BE-61D0B0D050A6}.Release|x64.Build.0 = Release|Any CPU
		{11285685-328B-44EE-B2BE-61D0B0D050A6}.Release|x86.ActiveCfg = Release|Any CPU
		{11285685-328B-44EE-B2BE-61D0B0D050A6}.Release|x86.Build.0 = Release|Any CPU
		{3D8DAEF0-A350-4EB4-A52E-B9599DA1AB9C}.Debug|Any CPU.ActiveCfg = Debug|Any CPU
		{3D8DAEF0-A350-4EB4-A52E-B9599DA1AB9C}.Debug|Any CPU.Build.0 = Debug|Any CPU
		{3D8DAEF0-A350-4EB4-A52E-B9599DA1AB9C}.Debug|x64.ActiveCfg = Debug|Any CPU
		{3D8DAEF0-A350-4EB4-A52E-B9599DA1AB9C}.Debug|x64.Build.0 = Debug|Any CPU
		{3D8DAEF0-A350-4EB4-A52E-B9599DA1AB9C}.Debug|x86.ActiveCfg = Debug|Any CPU
		{3D8DAEF0-A350-4EB4-A52E-B9599DA1AB9C}.Debug|x86.Build.0 = Debug|Any CPU
		{3D8DAEF0-A350-4EB4-A52E-B9599DA1AB9C}.Release|Any CPU.ActiveCfg = Release|Any CPU
		{3D8DAEF0-A350-4EB4-A52E-B9599DA1AB9C}.Release|Any CPU.Build.0 = Release|Any CPU
		{3D8DAEF0-A350-4EB4-A52E-B9599DA1AB9C}.Release|x64.ActiveCfg = Release|Any CPU
		{3D8DAEF0-A350-4EB4-A52E-B9599DA1AB9C}.Release|x64.Build.0 = Release|Any CPU
		{3D8DAEF0-A350-4EB4-A52E-B9599DA1AB9C}.Release|x86.ActiveCfg = Release|Any CPU
		{3D8DAEF0-A350-4EB4-A52E-B9599DA1AB9C}.Release|x86.Build.0 = Release|Any CPU
		{B300B86D-EC56-45B2-9D7F-19344B147ABD}.Debug|Any CPU.ActiveCfg = Debug|Any CPU
		{B300B86D-EC56-45B2-9D7F-19344B147ABD}.Debug|Any CPU.Build.0 = Debug|Any CPU
		{B300B86D-EC56-45B2-9D7F-19344B147ABD}.Debug|x64.ActiveCfg = Debug|Any CPU
		{B300B86D-EC56-45B2-9D7F-19344B147ABD}.Debug|x64.Build.0 = Debug|Any CPU
		{B300B86D-EC56-45B2-9D7F-19344B147ABD}.Debug|x86.ActiveCfg = Debug|Any CPU
		{B300B86D-EC56-45B2-9D7F-19344B147ABD}.Debug|x86.Build.0 = Debug|Any CPU
		{B300B86D-EC56-45B2-9D7F-19344B147ABD}.Release|Any CPU.ActiveCfg = Release|Any CPU
		{B300B86D-EC56-45B2-9D7F-19344B147ABD}.Release|Any CPU.Build.0 = Release|Any CPU
		{B300B86D-EC56-45B2-9D7F-19344B147ABD}.Release|x64.ActiveCfg = Release|Any CPU
		{B300B86D-EC56-45B2-9D7F-19344B147ABD}.Release|x64.Build.0 = Release|Any CPU
		{B300B86D-EC56-45B2-9D7F-19344B147ABD}.Release|x86.ActiveCfg = Release|Any CPU
		{B300B86D-EC56-45B2-9D7F-19344B147ABD}.Release|x86.Build.0 = Release|Any CPU
		{1E804D03-8C40-4DD8-97C4-BA6F265BC809}.Debug|Any CPU.ActiveCfg = Debug|Any CPU
		{1E804D03-8C40-4DD8-97C4-BA6F265BC809}.Debug|Any CPU.Build.0 = Debug|Any CPU
		{1E804D03-8C40-4DD8-97C4-BA6F265BC809}.Debug|x64.ActiveCfg = Debug|Any CPU
		{1E804D03-8C40-4DD8-97C4-BA6F265BC809}.Debug|x64.Build.0 = Debug|Any CPU
		{1E804D03-8C40-4DD8-97C4-BA6F265BC809}.Debug|x86.ActiveCfg = Debug|Any CPU
		{1E804D03-8C40-4DD8-97C4-BA6F265BC809}.Debug|x86.Build.0 = Debug|Any CPU
		{1E804D03-8C40-4DD8-97C4-BA6F265BC809}.Release|Any CPU.ActiveCfg = Release|Any CPU
		{1E804D03-8C40-4DD8-97C4-BA6F265BC809}.Release|Any CPU.Build.0 = Release|Any CPU
		{1E804D03-8C40-4DD8-97C4-BA6F265BC809}.Release|x64.ActiveCfg = Release|Any CPU
		{1E804D03-8C40-4DD8-97C4-BA6F265BC809}.Release|x64.Build.0 = Release|Any CPU
		{1E804D03-8C40-4DD8-97C4-BA6F265BC809}.Release|x86.ActiveCfg = Release|Any CPU
		{1E804D03-8C40-4DD8-97C4-BA6F265BC809}.Release|x86.Build.0 = Release|Any CPU
		{EDF5FF78-5EB8-4190-A529-088523673F89}.Debug|Any CPU.ActiveCfg = Debug|Any CPU
		{EDF5FF78-5EB8-4190-A529-088523673F89}.Debug|Any CPU.Build.0 = Debug|Any CPU
		{EDF5FF78-5EB8-4190-A529-088523673F89}.Debug|x64.ActiveCfg = Debug|Any CPU
		{EDF5FF78-5EB8-4190-A529-088523673F89}.Debug|x64.Build.0 = Debug|Any CPU
		{EDF5FF78-5EB8-4190-A529-088523673F89}.Debug|x86.ActiveCfg = Debug|Any CPU
		{EDF5FF78-5EB8-4190-A529-088523673F89}.Debug|x86.Build.0 = Debug|Any CPU
		{EDF5FF78-5EB8-4190-A529-088523673F89}.Release|Any CPU.ActiveCfg = Release|Any CPU
		{EDF5FF78-5EB8-4190-A529-088523673F89}.Release|Any CPU.Build.0 = Release|Any CPU
		{EDF5FF78-5EB8-4190-A529-088523673F89}.Release|x64.ActiveCfg = Release|Any CPU
		{EDF5FF78-5EB8-4190-A529-088523673F89}.Release|x64.Build.0 = Release|Any CPU
		{EDF5FF78-5EB8-4190-A529-088523673F89}.Release|x86.ActiveCfg = Release|Any CPU
		{EDF5FF78-5EB8-4190-A529-088523673F89}.Release|x86.Build.0 = Release|Any CPU
		{BB7C61F5-A945-4789-98D3-FDA71D3196F6}.Debug|Any CPU.ActiveCfg = Debug|Any CPU
		{BB7C61F5-A945-4789-98D3-FDA71D3196F6}.Debug|Any CPU.Build.0 = Debug|Any CPU
		{BB7C61F5-A945-4789-98D3-FDA71D3196F6}.Debug|x64.ActiveCfg = Debug|Any CPU
		{BB7C61F5-A945-4789-98D3-FDA71D3196F6}.Debug|x64.Build.0 = Debug|Any CPU
		{BB7C61F5-A945-4789-98D3-FDA71D3196F6}.Debug|x86.ActiveCfg = Debug|Any CPU
		{BB7C61F5-A945-4789-98D3-FDA71D3196F6}.Debug|x86.Build.0 = Debug|Any CPU
		{BB7C61F5-A945-4789-98D3-FDA71D3196F6}.Release|Any CPU.ActiveCfg = Release|Any CPU
		{BB7C61F5-A945-4789-98D3-FDA71D3196F6}.Release|Any CPU.Build.0 = Release|Any CPU
		{BB7C61F5-A945-4789-98D3-FDA71D3196F6}.Release|x64.ActiveCfg = Release|Any CPU
		{BB7C61F5-A945-4789-98D3-FDA71D3196F6}.Release|x64.Build.0 = Release|Any CPU
		{BB7C61F5-A945-4789-98D3-FDA71D3196F6}.Release|x86.ActiveCfg = Release|Any CPU
		{BB7C61F5-A945-4789-98D3-FDA71D3196F6}.Release|x86.Build.0 = Release|Any CPU
		{4BA21693-861B-468B-A421-E1AEB3594738}.Debug|Any CPU.ActiveCfg = Debug|Any CPU
		{4BA21693-861B-468B-A421-E1AEB3594738}.Debug|Any CPU.Build.0 = Debug|Any CPU
		{4BA21693-861B-468B-A421-E1AEB3594738}.Debug|x64.ActiveCfg = Debug|Any CPU
		{4BA21693-861B-468B-A421-E1AEB3594738}.Debug|x64.Build.0 = Debug|Any CPU
		{4BA21693-861B-468B-A421-E1AEB3594738}.Debug|x86.ActiveCfg = Debug|Any CPU
		{4BA21693-861B-468B-A421-E1AEB3594738}.Debug|x86.Build.0 = Debug|Any CPU
		{4BA21693-861B-468B-A421-E1AEB3594738}.Release|Any CPU.ActiveCfg = Release|Any CPU
		{4BA21693-861B-468B-A421-E1AEB3594738}.Release|Any CPU.Build.0 = Release|Any CPU
		{4BA21693-861B-468B-A421-E1AEB3594738}.Release|x64.ActiveCfg = Release|Any CPU
		{4BA21693-861B-468B-A421-E1AEB3594738}.Release|x64.Build.0 = Release|Any CPU
		{4BA21693-861B-468B-A421-E1AEB3594738}.Release|x86.ActiveCfg = Release|Any CPU
		{4BA21693-861B-468B-A421-E1AEB3594738}.Release|x86.Build.0 = Release|Any CPU
		{4DD6529D-7C2E-4B58-90D4-31D6CE3E64B9}.Debug|Any CPU.ActiveCfg = Debug|Any CPU
		{4DD6529D-7C2E-4B58-90D4-31D6CE3E64B9}.Debug|Any CPU.Build.0 = Debug|Any CPU
		{4DD6529D-7C2E-4B58-90D4-31D6CE3E64B9}.Debug|x64.ActiveCfg = Debug|Any CPU
		{4DD6529D-7C2E-4B58-90D4-31D6CE3E64B9}.Debug|x64.Build.0 = Debug|Any CPU
		{4DD6529D-7C2E-4B58-90D4-31D6CE3E64B9}.Debug|x86.ActiveCfg = Debug|Any CPU
		{4DD6529D-7C2E-4B58-90D4-31D6CE3E64B9}.Debug|x86.Build.0 = Debug|Any CPU
		{4DD6529D-7C2E-4B58-90D4-31D6CE3E64B9}.Release|Any CPU.ActiveCfg = Release|Any CPU
		{4DD6529D-7C2E-4B58-90D4-31D6CE3E64B9}.Release|Any CPU.Build.0 = Release|Any CPU
		{4DD6529D-7C2E-4B58-90D4-31D6CE3E64B9}.Release|x64.ActiveCfg = Release|Any CPU
		{4DD6529D-7C2E-4B58-90D4-31D6CE3E64B9}.Release|x64.Build.0 = Release|Any CPU
		{4DD6529D-7C2E-4B58-90D4-31D6CE3E64B9}.Release|x86.ActiveCfg = Release|Any CPU
		{4DD6529D-7C2E-4B58-90D4-31D6CE3E64B9}.Release|x86.Build.0 = Release|Any CPU
	EndGlobalSection
	GlobalSection(SolutionProperties) = preSolution
		HideSolutionNode = FALSE
	EndGlobalSection
	GlobalSection(NestedProjects) = preSolution
		{F7AC9545-BFCA-460E-AE42-E23A44727DDB} = {925EF7A6-BD2D-FD16-DA9B-B4A434F89C38}
		{8773DC2A-CAA0-B4F8-7DBA-83B17E8A4136} = {925EF7A6-BD2D-FD16-DA9B-B4A434F89C38}
		{67B21526-1582-D1F8-0464-4EA6E6CAA3F5} = {8773DC2A-CAA0-B4F8-7DBA-83B17E8A4136}
		{722B60A5-7CB5-4614-9A18-DAFE4687B5AD} = {67B21526-1582-D1F8-0464-4EA6E6CAA3F5}
		{A9F5CD3C-0C3E-7574-D3C2-9B8B4D2079A6} = {925EF7A6-BD2D-FD16-DA9B-B4A434F89C38}
		{4E07EC16-300C-FDA0-039D-1EB0AAA762FF} = {A9F5CD3C-0C3E-7574-D3C2-9B8B4D2079A6}
		{29F9AC10-1384-476B-8271-3E8A992655DD} = {4E07EC16-300C-FDA0-039D-1EB0AAA762FF}
		{906FCE91-7743-4DBF-8DAC-35E54A7F1F66} = {925EF7A6-BD2D-FD16-DA9B-B4A434F89C38}
		{DDCBF6D4-26D2-03C7-7071-A5ECE870962C} = {906FCE91-7743-4DBF-8DAC-35E54A7F1F66}
		{BA60D708-AAB8-40AA-B3C9-B5E0DDC99220} = {DDCBF6D4-26D2-03C7-7071-A5ECE870962C}
		{0604FE2F-3412-28E8-C759-ADEB75280723} = {925EF7A6-BD2D-FD16-DA9B-B4A434F89C38}
		{25A456AE-06AD-21DD-E02C-47E397FC5DE9} = {0604FE2F-3412-28E8-C759-ADEB75280723}
		{AA29D29C-C763-4BBF-9787-70DAF74F01B8} = {25A456AE-06AD-21DD-E02C-47E397FC5DE9}
		{8406B576-1D38-48AF-8D67-FCC95761FD68} = {925EF7A6-BD2D-FD16-DA9B-B4A434F89C38}
		{ECF52345-2CC7-42AD-A767-32166E1A9456} = {906FCE91-7743-4DBF-8DAC-35E54A7F1F66}
		{337C210C-6960-4B8F-81A5-3B8A5FF48B63} = {ECF52345-2CC7-42AD-A767-32166E1A9456}
		{8D15498C-B6DF-4B35-8525-08718986EE86} = {906FCE91-7743-4DBF-8DAC-35E54A7F1F66}
		{9D9249E8-C145-45F9-9BA3-3CDB3C34EAED} = {8D15498C-B6DF-4B35-8525-08718986EE86}
		{F6CF08F3-A6B1-4CEC-9656-E0636368F73F} = {906FCE91-7743-4DBF-8DAC-35E54A7F1F66}
		{1B2BA62C-0390-4201-B71F-D7EDAD3B8332} = {F6CF08F3-A6B1-4CEC-9656-E0636368F73F}
		{487A45FE-B87E-4667-9F84-08ACA717CF44} = {8773DC2A-CAA0-B4F8-7DBA-83B17E8A4136}
		{C2895A55-1D24-447A-B6CF-F1BFD6265E3C} = {487A45FE-B87E-4667-9F84-08ACA717CF44}
		{C3510B80-E8C0-443C-A4FE-14B29A5611A1} = {8773DC2A-CAA0-B4F8-7DBA-83B17E8A4136}
		{FBFC57D8-68E2-4A22-B953-6BE77410419E} = {C3510B80-E8C0-443C-A4FE-14B29A5611A1}
		{86C065F0-00C1-4AB4-8644-AD30589C9882} = {8773DC2A-CAA0-B4F8-7DBA-83B17E8A4136}
		{CD3923A4-BB88-4A24-BA15-192917731ECA} = {86C065F0-00C1-4AB4-8644-AD30589C9882}
		{20BFF73A-E676-4254-8745-3834050A22D5} = {0604FE2F-3412-28E8-C759-ADEB75280723}
		{D497133F-CB0B-43E8-B851-EB72E5CAB969} = {0604FE2F-3412-28E8-C759-ADEB75280723}
		{EF1358C1-7FC0-413C-A71F-E7536E8C7A7D} = {0604FE2F-3412-28E8-C759-ADEB75280723}
		{DFB566F6-51B3-432A-8074-C09E2A81C553} = {EF1358C1-7FC0-413C-A71F-E7536E8C7A7D}
		{11285685-328B-44EE-B2BE-61D0B0D050A6} = {D497133F-CB0B-43E8-B851-EB72E5CAB969}
		{3D8DAEF0-A350-4EB4-A52E-B9599DA1AB9C} = {20BFF73A-E676-4254-8745-3834050A22D5}
		{95DAC6B6-894D-401D-AC91-189CCA3A4150} = {A9F5CD3C-0C3E-7574-D3C2-9B8B4D2079A6}
		{7B06D69B-321D-4DB2-9585-DC01D0920182} = {A9F5CD3C-0C3E-7574-D3C2-9B8B4D2079A6}
		{E125DFEC-3A62-4929-B1BB-E5D9A86901E2} = {A9F5CD3C-0C3E-7574-D3C2-9B8B4D2079A6}
		{B300B86D-EC56-45B2-9D7F-19344B147ABD} = {7B06D69B-321D-4DB2-9585-DC01D0920182}
		{1E804D03-8C40-4DD8-97C4-BA6F265BC809} = {E125DFEC-3A62-4929-B1BB-E5D9A86901E2}
		{EDF5FF78-5EB8-4190-A529-088523673F89} = {95DAC6B6-894D-401D-AC91-189CCA3A4150}
		{64056F0A-0226-4E58-9BBA-3D830A3733C6} = {925EF7A6-BD2D-FD16-DA9B-B4A434F89C38}
		{BB7C61F5-A945-4789-98D3-FDA71D3196F6} = {64056F0A-0226-4E58-9BBA-3D830A3733C6}
		{5C1A250A-5F4B-4B31-98C6-0F87AEBC72C8} = {925EF7A6-BD2D-FD16-DA9B-B4A434F89C38}
		{A19C430C-6000-4006-A792-4E456DAD570B} = {925EF7A6-BD2D-FD16-DA9B-B4A434F89C38}
		{4BA21693-861B-468B-A421-E1AEB3594738} = {A19C430C-6000-4006-A792-4E456DAD570B}
		{4DD6529D-7C2E-4B58-90D4-31D6CE3E64B9} = {5C1A250A-5F4B-4B31-98C6-0F87AEBC72C8}
	EndGlobalSection
EndGlobal
